# This file is automatically @generated by Cargo.
# It is not intended for manual editing.
[[package]]
name = "01"
version = "0.1.0"

[[package]]
name = "02"
version = "0.1.0"

[[package]]
name = "03"
version = "0.1.0"

[[package]]
name = "04"
version = "0.1.0"

[[package]]
name = "05"
version = "0.1.0"

[[package]]
name = "06"
version = "0.1.0"

[[package]]
name = "07"
version = "0.1.0"

[[package]]
name = "08"
version = "0.1.0"

[[package]]
name = "09"
version = "0.1.0"

[[package]]
name = "10"
version = "0.1.0"

[[package]]
name = "11"
version = "0.1.0"

[[package]]
name = "12"
version = "0.1.0"

[[package]]
name = "13"
version = "0.1.0"

[[package]]
name = "14"
version = "0.1.0"

[[package]]
name = "15"
version = "0.1.0"

[[package]]
name = "16"
version = "0.1.0"

[[package]]
name = "17"
version = "0.1.0"

[[package]]
name = "18"
version = "0.1.0"

[[package]]
name = "19"
version = "0.1.0"

[[package]]
name = "20"
version = "0.1.0"

[[package]]
name = "21"
version = "0.1.0"

[[package]]
name = "22"
version = "0.1.0"

[[package]]
name = "23"
version = "0.1.0"

[[package]]
name = "24"
version = "0.1.0"

[[package]]
name = "25"
version = "0.1.0"

[[package]]
name = "26"
version = "0.1.0"

[[package]]
name = "27"
version = "0.1.0"

[[package]]
name = "28"
version = "0.1.0"

[[package]]
name = "29"
version = "0.1.0"

[[package]]
name = "30"
version = "0.1.0"

[[package]]
name = "31"
version = "0.1.0"

